
Microsoft Visual Studio Solution File, Format Version 12.00
# Visual Studio Version 16
VisualStudioVersion = 16.0.28803.156
MinimumVisualStudioVersion = 10.0.40219.1
Project("{FAE04EC0-301F-11D3-BF4B-00C04F79EFBC}") = "parcial_Garcia_Maximiliano", "parcial_Garcia_Maximiliano\parcial_Garcia_Maximiliano.csproj", "{05C7AD42-6EA1-4CD5-9235-FE15A94584E4}"
EndProject
Project("{FAE04EC0-301F-11D3-BF4B-00C04F79EFBC}") = "AccesoDatos", "AccesoDatos\AccesoDatos.csproj", "{40E814E7-D5A2-4D92-B532-A5E202E8EDB9}"
EndProject
Project("{FAE04EC0-301F-11D3-BF4B-00C04F79EFBC}") = "Dominio", "Dominio\Dominio.csproj", "{B1378BF0-D691-4FEA-95D1-792FB37F2595}"
EndProject
Project("{FAE04EC0-301F-11D3-BF4B-00C04F79EFBC}") = "Negocio", "Negocio\Negocio.csproj", "{EB7FCA63-F00A-4CBC-AA2A-46B76B203DAD}"
EndProject
Global
	GlobalSection(SolutionConfigurationPlatforms) = preSolution
		Debug|Any CPU = Debug|Any CPU
		Release|Any CPU = Release|Any CPU
	EndGlobalSection
	GlobalSection(ProjectConfigurationPlatforms) = postSolution
		{05C7AD42-6EA1-4CD5-9235-FE15A94584E4}.Debug|Any CPU.ActiveCfg = Debug|Any CPU
		{05C7AD42-6EA1-4CD5-9235-FE15A94584E4}.Debug|Any CPU.Build.0 = Debug|Any CPU
		{05C7AD42-6EA1-4CD5-9235-FE15A94584E4}.Release|Any CPU.ActiveCfg = Release|Any CPU
		{05C7AD42-6EA1-4CD5-9235-FE15A94584E4}.Release|Any CPU.Build.0 = Release|Any CPU
		{40E814E7-D5A2-4D92-B532-A5E202E8EDB9}.Debug|Any CPU.ActiveCfg = Debug|Any CPU
		{40E814E7-D5A2-4D92-B532-A5E202E8EDB9}.Debug|Any CPU.Build.0 = Debug|Any CPU
		{40E814E7-D5A2-4D92-B532-A5E202E8EDB9}.Release|Any CPU.ActiveCfg = Release|Any CPU
		{40E814E7-D5A2-4D92-B532-A5E202E8EDB9}.Release|Any CPU.Build.0 = Release|Any CPU
		{B1378BF0-D691-4FEA-95D1-792FB37F2595}.Debug|Any CPU.ActiveCfg = Debug|Any CPU
		{B1378BF0-D691-4FEA-95D1-792FB37F2595}.Debug|Any CPU.Build.0 = Debug|Any CPU
		{B1378BF0-D691-4FEA-95D1-792FB37F2595}.Release|Any CPU.ActiveCfg = Release|Any CPU
		{B1378BF0-D691-4FEA-95D1-792FB37F2595}.Release|Any CPU.Build.0 = Release|Any CPU
		{EB7FCA63-F00A-4CBC-AA2A-46B76B203DAD}.Debug|Any CPU.ActiveCfg = Debug|Any CPU
		{EB7FCA63-F00A-4CBC-AA2A-46B76B203DAD}.Debug|Any CPU.Build.0 = Debug|Any CPU
		{EB7FCA63-F00A-4CBC-AA2A-46B76B203DAD}.Release|Any CPU.ActiveCfg = Release|Any CPU
		{EB7FCA63-F00A-4CBC-AA2A-46B76B203DAD}.Release|Any CPU.Build.0 = Release|Any CPU
	EndGlobalSection
	GlobalSection(SolutionProperties) = preSolution
		HideSolutionNode = FALSE
	EndGlobalSection
	GlobalSection(ExtensibilityGlobals) = postSolution
		SolutionGuid = {F04FC606-B15A-4039-BD6A-D7E61F436D54}
	EndGlobalSection
EndGlobal
